
Microsoft Visual Studio Solution File, Format Version 12.00
Project("{FAE04EC0-301F-11D3-BF4B-00C04F79EFBC}") = "CNC1MqttScript", "CNC1MqttScript\CNC1MqttScript.csproj", "{2904AAAD-9113-4C44-84B8-215ABE183F5F}"
EndProject
Global
	GlobalSection(SolutionConfigurationPlatforms) = preSolution
		Debug|Any CPU = Debug|Any CPU
		Release|Any CPU = Release|Any CPU
	EndGlobalSection
	GlobalSection(ProjectConfigurationPlatforms) = postSolution
		{2904AAAD-9113-4C44-84B8-215ABE183F5F}.Debug|Any CPU.ActiveCfg = Debug|Any CPU
		{2904AAAD-9113-4C44-84B8-215ABE183F5F}.Debug|Any CPU.Build.0 = Debug|Any CPU
		{2904AAAD-9113-4C44-84B8-215ABE183F5F}.Release|Any CPU.ActiveCfg = Release|Any CPU
		{2904AAAD-9113-4C44-84B8-215ABE183F5F}.Release|Any CPU.Build.0 = Release|Any CPU
	EndGlobalSection
EndGlobal
